
Microsoft Visual Studio Solution File, Format Version 12.00
# Visual Studio Version 16
VisualStudioVersion = 16.0.33214.272
MinimumVisualStudioVersion = 10.0.40219.1
Project("{9A19103F-16F7-4668-BE54-9A1E7A4F7556}") = "Api", "Api\Api.csproj", "{37C57E58-3C44-4EC7-B606-45A0E23EBA37}"
EndProject
Project("{9A19103F-16F7-4668-BE54-9A1E7A4F7556}") = "Services", "Services\Services.csproj", "{F16787DC-D0B2-4E1E-91E3-F8E1A4DF1A23}"
EndProject
Project("{9A19103F-16F7-4668-BE54-9A1E7A4F7556}") = "Data", "Data\Data.csproj", "{C0D6E663-D07F-42D0-9D4B-914F78AFE2D0}"
EndProject
Project("{9A19103F-16F7-4668-BE54-9A1E7A4F7556}") = "Utils", "Utils\Utils.csproj", "{492064AF-4163-4993-9182-A5CAECE9A853}"
EndProject
Project("{FAE04EC0-301F-11D3-BF4B-00C04F79EFBC}") = "Tests", "Tests\Tests.csproj", "{423DA3F2-30F2-4F1B-B0F3-CBE76818B38D}"
EndProject
Global
	GlobalSection(SolutionConfigurationPlatforms) = preSolution
		Debug|Any CPU = Debug|Any CPU
		Release|Any CPU = Release|Any CPU
	EndGlobalSection
	GlobalSection(ProjectConfigurationPlatforms) = postSolution
		{37C57E58-3C44-4EC7-B606-45A0E23EBA37}.Debug|Any CPU.ActiveCfg = Debug|Any CPU
		{37C57E58-3C44-4EC7-B606-45A0E23EBA37}.Debug|Any CPU.Build.0 = Debug|Any CPU
		{37C57E58-3C44-4EC7-B606-45A0E23EBA37}.Release|Any CPU.ActiveCfg = Release|Any CPU
		{37C57E58-3C44-4EC7-B606-45A0E23EBA37}.Release|Any CPU.Build.0 = Release|Any CPU
		{F16787DC-D0B2-4E1E-91E3-F8E1A4DF1A23}.Debug|Any CPU.ActiveCfg = Debug|Any CPU
		{F16787DC-D0B2-4E1E-91E3-F8E1A4DF1A23}.Debug|Any CPU.Build.0 = Debug|Any CPU
		{F16787DC-D0B2-4E1E-91E3-F8E1A4DF1A23}.Release|Any CPU.ActiveCfg = Release|Any CPU
		{F16787DC-D0B2-4E1E-91E3-F8E1A4DF1A23}.Release|Any CPU.Build.0 = Release|Any CPU
		{C0D6E663-D07F-42D0-9D4B-914F78AFE2D0}.Debug|Any CPU.ActiveCfg = Debug|Any CPU
		{C0D6E663-D07F-42D0-9D4B-914F78AFE2D0}.Debug|Any CPU.Build.0 = Debug|Any CPU
		{C0D6E663-D07F-42D0-9D4B-914F78AFE2D0}.Release|Any CPU.ActiveCfg = Release|Any CPU
		{C0D6E663-D07F-42D0-9D4B-914F78AFE2D0}.Release|Any CPU.Build.0 = Release|Any CPU
		{492064AF-4163-4993-9182-A5CAECE9A853}.Debug|Any CPU.ActiveCfg = Debug|Any CPU
		{492064AF-4163-4993-9182-A5CAECE9A853}.Debug|Any CPU.Build.0 = Debug|Any CPU
		{492064AF-4163-4993-9182-A5CAECE9A853}.Release|Any CPU.ActiveCfg = Release|Any CPU
		{492064AF-4163-4993-9182-A5CAECE9A853}.Release|Any CPU.Build.0 = Release|Any CPU
		{423DA3F2-30F2-4F1B-B0F3-CBE76818B38D}.Debug|Any CPU.ActiveCfg = Debug|Any CPU
		{423DA3F2-30F2-4F1B-B0F3-CBE76818B38D}.Debug|Any CPU.Build.0 = Debug|Any CPU
		{423DA3F2-30F2-4F1B-B0F3-CBE76818B38D}.Release|Any CPU.ActiveCfg = Release|Any CPU
		{423DA3F2-30F2-4F1B-B0F3-CBE76818B38D}.Release|Any CPU.Build.0 = Release|Any CPU
	EndGlobalSection
	GlobalSection(SolutionProperties) = preSolution
		HideSolutionNode = FALSE
	EndGlobalSection
	GlobalSection(ExtensibilityGlobals) = postSolution
		SolutionGuid = {021679E4-FA17-4298-9698-34D9D740F6A2}
	EndGlobalSection
EndGlobal
